
Microsoft Visual Studio Solution File, Format Version 12.00
# Visual Studio Version 17
VisualStudioVersion = 17.10.35122.118
MinimumVisualStudioVersion = 10.0.40219.1
Project("{FAE04EC0-301F-11D3-BF4B-00C04F79EFBC}") = "SimpleClassExample", "SimpleClassExample\SimpleClassExample.csproj", "{2B5D9A37-BDFA-40F0-A45B-8C66860C5A32}"
EndProject
Project("{FAE04EC0-301F-11D3-BF4B-00C04F79EFBC}") = "StaticDataAndMembers", "StaticDataAndMembers\StaticDataAndMembers.csproj", "{6D179226-05D4-4D99-A5F4-4248D08661CC}"
EndProject
Global
	GlobalSection(SolutionConfigurationPlatforms) = preSolution
		Debug|Any CPU = Debug|Any CPU
		Release|Any CPU = Release|Any CPU
	EndGlobalSection
	GlobalSection(ProjectConfigurationPlatforms) = postSolution
		{2B5D9A37-BDFA-40F0-A45B-8C66860C5A32}.Debug|Any CPU.ActiveCfg = Debug|Any CPU
		{2B5D9A37-BDFA-40F0-A45B-8C66860C5A32}.Debug|Any CPU.Build.0 = Debug|Any CPU
		{2B5D9A37-BDFA-40F0-A45B-8C66860C5A32}.Release|Any CPU.ActiveCfg = Release|Any CPU
		{2B5D9A37-BDFA-40F0-A45B-8C66860C5A32}.Release|Any CPU.Build.0 = Release|Any CPU
		{6D179226-05D4-4D99-A5F4-4248D08661CC}.Debug|Any CPU.ActiveCfg = Debug|Any CPU
		{6D179226-05D4-4D99-A5F4-4248D08661CC}.Debug|Any CPU.Build.0 = Debug|Any CPU
		{6D179226-05D4-4D99-A5F4-4248D08661CC}.Release|Any CPU.ActiveCfg = Release|Any CPU
		{6D179226-05D4-4D99-A5F4-4248D08661CC}.Release|Any CPU.Build.0 = Release|Any CPU
	EndGlobalSection
	GlobalSection(SolutionProperties) = preSolution
		HideSolutionNode = FALSE
	EndGlobalSection
	GlobalSection(ExtensibilityGlobals) = postSolution
		SolutionGuid = {C34F6BBA-3D14-43F8-99EF-E9CD1C5914D0}
	EndGlobalSection
EndGlobal
